
Microsoft Visual Studio Solution File, Format Version 12.00
# Visual Studio Version 17
VisualStudioVersion = 17.3.32819.101
MinimumVisualStudioVersion = 10.0.40219.1
Project("{FAE04EC0-301F-11D3-BF4B-00C04F79EFBC}") = "Get_bookmark_page_index_in_PDF", "Get_bookmark_page_index_in_PDF\Get_bookmark_page_index_in_PDF.csproj", "{C3DC4DD9-3885-485D-BC96-468E40D44F5B}"
EndProject
Global
	GlobalSection(SolutionConfigurationPlatforms) = preSolution
		Debug|Any CPU = Debug|Any CPU
		Release|Any CPU = Release|Any CPU
	EndGlobalSection
	GlobalSection(ProjectConfigurationPlatforms) = postSolution
		{C3DC4DD9-3885-485D-BC96-468E40D44F5B}.Debug|Any CPU.ActiveCfg = Debug|Any CPU
		{C3DC4DD9-3885-485D-BC96-468E40D44F5B}.Debug|Any CPU.Build.0 = Debug|Any CPU
		{C3DC4DD9-3885-485D-BC96-468E40D44F5B}.Release|Any CPU.ActiveCfg = Release|Any CPU
		{C3DC4DD9-3885-485D-BC96-468E40D44F5B}.Release|Any CPU.Build.0 = Release|Any CPU
	EndGlobalSection
	GlobalSection(SolutionProperties) = preSolution
		HideSolutionNode = FALSE
	EndGlobalSection
	GlobalSection(ExtensibilityGlobals) = postSolution
		SolutionGuid = {F8E32E57-3881-4F7B-861F-C866BFD03288}
	EndGlobalSection
EndGlobal
