
Microsoft Visual Studio Solution File, Format Version 12.00
# Visual Studio Version 17
VisualStudioVersion = 17.3.32819.101
MinimumVisualStudioVersion = 10.0.40219.1
Project("{FAE04EC0-301F-11D3-BF4B-00C04F79EFBC}") = "Customize_PDF_document_bookmarks_NET", "Customize_PDF_document_bookmarks_NET\Customize_PDF_document_bookmarks_NET.csproj", "{09D98752-F9AC-47BF-8DE0-AC449031D199}"
EndProject
Global
	GlobalSection(SolutionConfigurationPlatforms) = preSolution
		Debug|Any CPU = Debug|Any CPU
		Release|Any CPU = Release|Any CPU
	EndGlobalSection
	GlobalSection(ProjectConfigurationPlatforms) = postSolution
		{09D98752-F9AC-47BF-8DE0-AC449031D199}.Debug|Any CPU.ActiveCfg = Debug|Any CPU
		{09D98752-F9AC-47BF-8DE0-AC449031D199}.Debug|Any CPU.Build.0 = Debug|Any CPU
		{09D98752-F9AC-47BF-8DE0-AC449031D199}.Release|Any CPU.ActiveCfg = Release|Any CPU
		{09D98752-F9AC-47BF-8DE0-AC449031D199}.Release|Any CPU.Build.0 = Release|Any CPU
	EndGlobalSection
	GlobalSection(SolutionProperties) = preSolution
		HideSolutionNode = FALSE
	EndGlobalSection
	GlobalSection(ExtensibilityGlobals) = postSolution
		SolutionGuid = {100C02E3-6ABE-4A80-A04C-3A487DB0A392}
	EndGlobalSection
EndGlobal
