
Microsoft Visual Studio Solution File, Format Version 12.00
# Visual Studio Version 17
VisualStudioVersion = 17.3.32819.101
MinimumVisualStudioVersion = 10.0.40219.1
Project("{FAE04EC0-301F-11D3-BF4B-00C04F79EFBC}") = "Insert_bookmarks_in_existing_PDF_NET", "Insert_bookmarks_in_existing_PDF_NET\Insert_bookmarks_in_existing_PDF_NET.csproj", "{7BD51E41-2984-474E-A725-9B5D88D3E0AC}"
EndProject
Global
	GlobalSection(SolutionConfigurationPlatforms) = preSolution
		Debug|Any CPU = Debug|Any CPU
		Release|Any CPU = Release|Any CPU
	EndGlobalSection
	GlobalSection(ProjectConfigurationPlatforms) = postSolution
		{7BD51E41-2984-474E-A725-9B5D88D3E0AC}.Debug|Any CPU.ActiveCfg = Debug|Any CPU
		{7BD51E41-2984-474E-A725-9B5D88D3E0AC}.Debug|Any CPU.Build.0 = Debug|Any CPU
		{7BD51E41-2984-474E-A725-9B5D88D3E0AC}.Release|Any CPU.ActiveCfg = Release|Any CPU
		{7BD51E41-2984-474E-A725-9B5D88D3E0AC}.Release|Any CPU.Build.0 = Release|Any CPU
	EndGlobalSection
	GlobalSection(SolutionProperties) = preSolution
		HideSolutionNode = FALSE
	EndGlobalSection
	GlobalSection(ExtensibilityGlobals) = postSolution
		SolutionGuid = {EAB7BCD7-8395-4288-A67A-8132AA6B2CDB}
	EndGlobalSection
EndGlobal
